// !$*UTF8*$!
{
	archiveVersion = 1;
	classes = {
	};
	objectVersion = 52;
	objects = {

/* Begin PBXBuildFile section */
		DA0783ED25D5631600407180 /* RatingView.swift in Sources */ = {isa = PBXBuildFile; fileRef = DA0783EC25D5631600407180 /* RatingView.swift */; };
		DA0783F025D5756A00407180 /* DropDownView.swift in Sources */ = {isa = PBXBuildFile; fileRef = DA0783EF25D5756A00407180 /* DropDownView.swift */; };
		DAA11E8D25D139A000DB5C61 /* Vin21App.swift in Sources */ = {isa = PBXBuildFile; fileRef = DAA11E8C25D139A000DB5C61 /* Vin21App.swift */; };
		DAA11E8F25D139A000DB5C61 /* ContentView.swift in Sources */ = {isa = PBXBuildFile; fileRef = DAA11E8E25D139A000DB5C61 /* ContentView.swift */; };
		DAA11E9125D139A300DB5C61 /* Assets.xcassets in Resources */ = {isa = PBXBuildFile; fileRef = DAA11E9025D139A300DB5C61 /* Assets.xcassets */; };
		DAA11E9425D139A300DB5C61 /* Preview Assets.xcassets in Resources */ = {isa = PBXBuildFile; fileRef = DAA11E9325D139A300DB5C61 /* Preview Assets.xcassets */; };
		DAA11E9D25D13B0600DB5C61 /* GoogleService-Info.plist in Resources */ = {isa = PBXBuildFile; fileRef = DAA11E9C25D13B0600DB5C61 /* GoogleService-Info.plist */; };
		DAA11EA125D13FEF00DB5C61 /* FirebaseAuth in Frameworks */ = {isa = PBXBuildFile; productRef = DAA11EA025D13FEF00DB5C61 /* FirebaseAuth */; };
		DAA11EA325D13FEF00DB5C61 /* FirebaseFirestoreSwift-Beta in Frameworks */ = {isa = PBXBuildFile; productRef = DAA11EA225D13FEF00DB5C61 /* FirebaseFirestoreSwift-Beta */; };
		DAA11EA725D16FAE00DB5C61 /* Model.swift in Sources */ = {isa = PBXBuildFile; fileRef = DAA11EA625D16FAE00DB5C61 /* Model.swift */; };
		DAA11EAF25D17F6A00DB5C61 /* LoginView.swift in Sources */ = {isa = PBXBuildFile; fileRef = DAA11EAE25D17F6A00DB5C61 /* LoginView.swift */; };
		DAB38F1B25D3DFF100A0DC5B /* Wine.swift in Sources */ = {isa = PBXBuildFile; fileRef = DAB38F1A25D3DFF100A0DC5B /* Wine.swift */; };
		DAB38F2025D40F3600A0DC5B /* WineView.swift in Sources */ = {isa = PBXBuildFile; fileRef = DAB38F1F25D40F3600A0DC5B /* WineView.swift */; };
/* End PBXBuildFile section */

/* Begin PBXFileReference section */
		DA0783EC25D5631600407180 /* RatingView.swift */ = {isa = PBXFileReference; lastKnownFileType = sourcecode.swift; path = RatingView.swift; sourceTree = "<group>"; };
		DA0783EF25D5756A00407180 /* DropDownView.swift */ = {isa = PBXFileReference; lastKnownFileType = sourcecode.swift; path = DropDownView.swift; sourceTree = "<group>"; };
		DAA11E8925D139A000DB5C61 /* Vin21.app */ = {isa = PBXFileReference; explicitFileType = wrapper.application; includeInIndex = 0; path = Vin21.app; sourceTree = BUILT_PRODUCTS_DIR; };
		DAA11E8C25D139A000DB5C61 /* Vin21App.swift */ = {isa = PBXFileReference; lastKnownFileType = sourcecode.swift; path = Vin21App.swift; sourceTree = "<group>"; };
		DAA11E8E25D139A000DB5C61 /* ContentView.swift */ = {isa = PBXFileReference; lastKnownFileType = sourcecode.swift; path = ContentView.swift; sourceTree = "<group>"; };
		DAA11E9025D139A300DB5C61 /* Assets.xcassets */ = {isa = PBXFileReference; lastKnownFileType = folder.assetcatalog; path = Assets.xcassets; sourceTree = "<group>"; };
		DAA11E9325D139A300DB5C61 /* Preview Assets.xcassets */ = {isa = PBXFileReference; lastKnownFileType = folder.assetcatalog; path = "Preview Assets.xcassets"; sourceTree = "<group>"; };
		DAA11E9525D139A300DB5C61 /* Info.plist */ = {isa = PBXFileReference; lastKnownFileType = text.plist.xml; path = Info.plist; sourceTree = "<group>"; };
		DAA11E9C25D13B0600DB5C61 /* GoogleService-Info.plist */ = {isa = PBXFileReference; fileEncoding = 4; lastKnownFileType = text.plist.xml; name = "GoogleService-Info.plist"; path = "../../../../Downloads/GoogleService-Info.plist"; sourceTree = "<group>"; };
		DAA11EA625D16FAE00DB5C61 /* Model.swift */ = {isa = PBXFileReference; lastKnownFileType = sourcecode.swift; path = Model.swift; sourceTree = "<group>"; };
		DAA11EAE25D17F6A00DB5C61 /* LoginView.swift */ = {isa = PBXFileReference; lastKnownFileType = sourcecode.swift; path = LoginView.swift; sourceTree = "<group>"; };
		DAB38F1A25D3DFF100A0DC5B /* Wine.swift */ = {isa = PBXFileReference; lastKnownFileType = sourcecode.swift; path = Wine.swift; sourceTree = "<group>"; };
		DAB38F1F25D40F3600A0DC5B /* WineView.swift */ = {isa = PBXFileReference; lastKnownFileType = sourcecode.swift; path = WineView.swift; sourceTree = "<group>"; };
/* End PBXFileReference section */

/* Begin PBXFrameworksBuildPhase section */
		DAA11E8625D139A000DB5C61 /* Frameworks */ = {
			isa = PBXFrameworksBuildPhase;
			buildActionMask = 2147483647;
			files = (
				DAA11EA125D13FEF00DB5C61 /* FirebaseAuth in Frameworks */,
				DAA11EA325D13FEF00DB5C61 /* FirebaseFirestoreSwift-Beta in Frameworks */,
			);
			runOnlyForDeploymentPostprocessing = 0;
		};
/* End PBXFrameworksBuildPhase section */

/* Begin PBXGroup section */
		DAA11E8025D139A000DB5C61 = {
			isa = PBXGroup;
			children = (
				DAA11E8B25D139A000DB5C61 /* Vin21 */,
				DAA11E8A25D139A000DB5C61 /* Products */,
			);
			sourceTree = "<group>";
		};
		DAA11E8A25D139A000DB5C61 /* Products */ = {
			isa = PBXGroup;
			children = (
				DAA11E8925D139A000DB5C61 /* Vin21.app */,
			);
			name = Products;
			sourceTree = "<group>";
		};
		DAA11E8B25D139A000DB5C61 /* Vin21 */ = {
			isa = PBXGroup;
			children = (
				DAA11E8C25D139A000DB5C61 /* Vin21App.swift */,
				DAB38F1A25D3DFF100A0DC5B /* Wine.swift */,
				DA0783EF25D5756A00407180 /* DropDownView.swift */,
				DAA11EAE25D17F6A00DB5C61 /* LoginView.swift */,
				DAB38F1F25D40F3600A0DC5B /* WineView.swift */,
				DA0783EC25D5631600407180 /* RatingView.swift */,
				DAA11EA625D16FAE00DB5C61 /* Model.swift */,
				DAA11E8E25D139A000DB5C61 /* ContentView.swift */,
				DAA11E9025D139A300DB5C61 /* Assets.xcassets */,
				DAA11E9C25D13B0600DB5C61 /* GoogleService-Info.plist */,
				DAA11E9525D139A300DB5C61 /* Info.plist */,
				DAA11E9225D139A300DB5C61 /* Preview Content */,
			);
			path = Vin21;
			sourceTree = "<group>";
		};
		DAA11E9225D139A300DB5C61 /* Preview Content */ = {
			isa = PBXGroup;
			children = (
				DAA11E9325D139A300DB5C61 /* Preview Assets.xcassets */,
			);
			path = "Preview Content";
			sourceTree = "<group>";
		};
/* End PBXGroup section */

/* Begin PBXNativeTarget section */
		DAA11E8825D139A000DB5C61 /* Vin21 */ = {
			isa = PBXNativeTarget;
			buildConfigurationList = DAA11E9825D139A300DB5C61 /* Build configuration list for PBXNativeTarget "Vin21" */;
			buildPhases = (
				DAA11E8525D139A000DB5C61 /* Sources */,
				DAA11E8625D139A000DB5C61 /* Frameworks */,
				DAA11E8725D139A000DB5C61 /* Resources */,
			);
			buildRules = (
			);
			dependencies = (
			);
			name = Vin21;
			packageProductDependencies = (
				DAA11EA025D13FEF00DB5C61 /* FirebaseAuth */,
				DAA11EA225D13FEF00DB5C61 /* FirebaseFirestoreSwift-Beta */,
			);
			productName = Vin21;
			productReference = DAA11E8925D139A000DB5C61 /* Vin21.app */;
			productType = "com.apple.product-type.application";
		};
/* End PBXNativeTarget section */

/* Begin PBXProject section */
		DAA11E8125D139A000DB5C61 /* Project object */ = {
			isa = PBXProject;
			attributes = {
				LastSwiftUpdateCheck = 1240;
				LastUpgradeCheck = 1240;
				TargetAttributes = {
					DAA11E8825D139A000DB5C61 = {
						CreatedOnToolsVersion = 12.4;
					};
				};
			};
			buildConfigurationList = DAA11E8425D139A000DB5C61 /* Build configuration list for PBXProject "Vin21" */;
			compatibilityVersion = "Xcode 9.3";
			developmentRegion = en;
			hasScannedForEncodings = 0;
			knownRegions = (
				en,
				Base,
			);
			mainGroup = DAA11E8025D139A000DB5C61;
			packageReferences = (
				DAA11E9F25D13FEF00DB5C61 /* XCRemoteSwiftPackageReference "firebase-ios-sdk" */,
			);
			productRefGroup = DAA11E8A25D139A000DB5C61 /* Products */;
			projectDirPath = "";
			projectRoot = "";
			targets = (
				DAA11E8825D139A000DB5C61 /* Vin21 */,
			);
		};
/* End PBXProject section */

/* Begin PBXResourcesBuildPhase section */
		DAA11E8725D139A000DB5C61 /* Resources */ = {
			isa = PBXResourcesBuildPhase;
			buildActionMask = 2147483647;
			files = (
				DAA11E9425D139A300DB5C61 /* Preview Assets.xcassets in Resources */,
				DAA11E9125D139A300DB5C61 /* Assets.xcassets in Resources */,
				DAA11E9D25D13B0600DB5C61 /* GoogleService-Info.plist in Resources */,
			);
			runOnlyForDeploymentPostprocessing = 0;
		};
/* End PBXResourcesBuildPhase section */

/* Begin PBXSourcesBuildPhase section */
		DAA11E8525D139A000DB5C61 /* Sources */ = {
			isa = PBXSourcesBuildPhase;
			buildActionMask = 2147483647;
			files = (
				DAA11EA725D16FAE00DB5C61 /* Model.swift in Sources */,
				DAB38F2025D40F3600A0DC5B /* WineView.swift in Sources */,
				DAB38F1B25D3DFF100A0DC5B /* Wine.swift in Sources */,
				DAA11E8F25D139A000DB5C61 /* ContentView.swift in Sources */,
				DAA11EAF25D17F6A00DB5C61 /* LoginView.swift in Sources */,
				DA0783F025D5756A00407180 /* DropDownView.swift in Sources */,
				DAA11E8D25D139A000DB5C61 /* Vin21App.swift in Sources */,
				DA0783ED25D5631600407180 /* RatingView.swift in Sources */,
			);
			runOnlyForDeploymentPostprocessing = 0;
		};
/* End PBXSourcesBuildPhase section */

/* Begin XCBuildConfiguration section */
		DAA11E9625D139A300DB5C61 /* Debug */ = {
			isa = XCBuildConfiguration;
			buildSettings = {
				ALWAYS_SEARCH_USER_PATHS = NO;
				CLANG_ANALYZER_NONNULL = YES;
				CLANG_ANALYZER_NUMBER_OBJECT_CONVERSION = YES_AGGRESSIVE;
				CLANG_CXX_LANGUAGE_STANDARD = "gnu++14";
				CLANG_CXX_LIBRARY = "libc++";
				CLANG_ENABLE_MODULES = YES;
				CLANG_ENABLE_OBJC_ARC = YES;
				CLANG_ENABLE_OBJC_WEAK = YES;
				CLANG_WARN_BLOCK_CAPTURE_AUTORELEASING = YES;
				CLANG_WARN_BOOL_CONVERSION = YES;
				CLANG_WARN_COMMA = YES;
				CLANG_WARN_CONSTANT_CONVERSION = YES;
				CLANG_WARN_DEPRECATED_OBJC_IMPLEMENTATIONS = YES;
				CLANG_WARN_DIRECT_OBJC_ISA_USAGE = YES_ERROR;
				CLANG_WARN_DOCUMENTATION_COMMENTS = YES;
				CLANG_WARN_EMPTY_BODY = YES;
				CLANG_WARN_ENUM_CONVERSION = YES;
				CLANG_WARN_INFINITE_RECURSION = YES;
				CLANG_WARN_INT_CONVERSION = YES;
				CLANG_WARN_NON_LITERAL_NULL_CONVERSION = YES;
				CLANG_WARN_OBJC_IMPLICIT_RETAIN_SELF = YES;
				CLANG_WARN_OBJC_LITERAL_CONVERSION = YES;
				CLANG_WARN_OBJC_ROOT_CLASS = YES_ERROR;
				CLANG_WARN_QUOTED_INCLUDE_IN_FRAMEWORK_HEADER = YES;
				CLANG_WARN_RANGE_LOOP_ANALYSIS = YES;
				CLANG_WARN_STRICT_PROTOTYPES = YES;
				CLANG_WARN_SUSPICIOUS_MOVE = YES;
				CLANG_WARN_UNGUARDED_AVAILABILITY = YES_AGGRESSIVE;
				CLANG_WARN_UNREACHABLE_CODE = YES;
				CLANG_WARN__DUPLICATE_METHOD_MATCH = YES;
				COPY_PHASE_STRIP = NO;
				DEBUG_INFORMATION_FORMAT = dwarf;
				ENABLE_STRICT_OBJC_MSGSEND = YES;
				ENABLE_TESTABILITY = YES;
				GCC_C_LANGUAGE_STANDARD = gnu11;
				GCC_DYNAMIC_NO_PIC = NO;
				GCC_NO_COMMON_BLOCKS = YES;
				GCC_OPTIMIZATION_LEVEL = 0;
				GCC_PREPROCESSOR_DEFINITIONS = (
					"DEBUG=1",
					"$(inherited)",
				);
				GCC_WARN_64_TO_32_BIT_CONVERSION = YES;
				GCC_WARN_ABOUT_RETURN_TYPE = YES_ERROR;
				GCC_WARN_UNDECLARED_SELECTOR = YES;
				GCC_WARN_UNINITIALIZED_AUTOS = YES_AGGRESSIVE;
				GCC_WARN_UNUSED_FUNCTION = YES;
				GCC_WARN_UNUSED_VARIABLE = YES;
				IPHONEOS_DEPLOYMENT_TARGET = 14.4;
				MTL_ENABLE_DEBUG_INFO = INCLUDE_SOURCE;
				MTL_FAST_MATH = YES;
				ONLY_ACTIVE_ARCH = YES;
				SDKROOT = iphoneos;
				SWIFT_ACTIVE_COMPILATION_CONDITIONS = DEBUG;
				SWIFT_OPTIMIZATION_LEVEL = "-Onone";
			};
			name = Debug;
		};
		DAA11E9725D139A300DB5C61 /* Release */ = {
			isa = XCBuildConfiguration;
			buildSettings = {
				ALWAYS_SEARCH_USER_PATHS = NO;
				CLANG_ANALYZER_NONNULL = YES;
				CLANG_ANALYZER_NUMBER_OBJECT_CONVERSION = YES_AGGRESSIVE;
				CLANG_CXX_LANGUAGE_STANDARD = "gnu++14";
				CLANG_CXX_LIBRARY = "libc++";
				CLANG_ENABLE_MODULES = YES;
				CLANG_ENABLE_OBJC_ARC = YES;
				CLANG_ENABLE_OBJC_WEAK = YES;
				CLANG_WARN_BLOCK_CAPTURE_AUTORELEASING = YES;
				CLANG_WARN_BOOL_CONVERSION = YES;
				CLANG_WARN_COMMA = YES;
				CLANG_WARN_CONSTANT_CONVERSION = YES;
				CLANG_WARN_DEPRECATED_OBJC_IMPLEMENTATIONS = YES;
				CLANG_WARN_DIRECT_OBJC_ISA_USAGE = YES_ERROR;
				CLANG_WARN_DOCUMENTATION_COMMENTS = YES;
				CLANG_WARN_EMPTY_BODY = YES;
				CLANG_WARN_ENUM_CONVERSION = YES;
				CLANG_WARN_INFINITE_RECURSION = YES;
				CLANG_WARN_INT_CONVERSION = YES;
				CLANG_WARN_NON_LITERAL_NULL_CONVERSION = YES;
				CLANG_WARN_OBJC_IMPLICIT_RETAIN_SELF = YES;
				CLANG_WARN_OBJC_LITERAL_CONVERSION = YES;
				CLANG_WARN_OBJC_ROOT_CLASS = YES_ERROR;
				CLANG_WARN_QUOTED_INCLUDE_IN_FRAMEWORK_HEADER = YES;
				CLANG_WARN_RANGE_LOOP_ANALYSIS = YES;
				CLANG_WARN_STRICT_PROTOTYPES = YES;
				CLANG_WARN_SUSPICIOUS_MOVE = YES;
				CLANG_WARN_UNGUARDED_AVAILABILITY = YES_AGGRESSIVE;
				CLANG_WARN_UNREACHABLE_CODE = YES;
				CLANG_WARN__DUPLICATE_METHOD_MATCH = YES;
				COPY_PHASE_STRIP = NO;
				DEBUG_INFORMATION_FORMAT = "dwarf-with-dsym";
				ENABLE_NS_ASSERTIONS = NO;
				ENABLE_STRICT_OBJC_MSGSEND = YES;
				GCC_C_LANGUAGE_STANDARD = gnu11;
				GCC_NO_COMMON_BLOCKS = YES;
				GCC_WARN_64_TO_32_BIT_CONVERSION = YES;
				GCC_WARN_ABOUT_RETURN_TYPE = YES_ERROR;
				GCC_WARN_UNDECLARED_SELECTOR = YES;
				GCC_WARN_UNINITIALIZED_AUTOS = YES_AGGRESSIVE;
				GCC_WARN_UNUSED_FUNCTION = YES;
				GCC_WARN_UNUSED_VARIABLE = YES;
				IPHONEOS_DEPLOYMENT_TARGET = 14.4;
				MTL_ENABLE_DEBUG_INFO = NO;
				MTL_FAST_MATH = YES;
				SDKROOT = iphoneos;
				SWIFT_COMPILATION_MODE = wholemodule;
				SWIFT_OPTIMIZATION_LEVEL = "-O";
				VALIDATE_PRODUCT = YES;
			};
			name = Release;
		};
		DAA11E9925D139A300DB5C61 /* Debug */ = {
			isa = XCBuildConfiguration;
			buildSettings = {
				ASSETCATALOG_COMPILER_APPICON_NAME = AppIcon;
				ASSETCATALOG_COMPILER_GLOBAL_ACCENT_COLOR_NAME = AccentColor;
				CODE_SIGN_STYLE = Automatic;
				DEVELOPMENT_ASSET_PATHS = "\"Vin21/Preview Content\"";
				ENABLE_PREVIEWS = YES;
				INFOPLIST_FILE = Vin21/Info.plist;
				IPHONEOS_DEPLOYMENT_TARGET = 14.0;
				LD_RUNPATH_SEARCH_PATHS = (
					"$(inherited)",
					"@executable_path/Frameworks",
				);
				PRODUCT_BUNDLE_IDENTIFIER = app.myeline.Vin21;
				PRODUCT_NAME = "$(TARGET_NAME)";
				SWIFT_VERSION = 5.0;
				TARGETED_DEVICE_FAMILY = "1,2";
			};
			name = Debug;
		};
		DAA11E9A25D139A300DB5C61 /* Release */ = {
			isa = XCBuildConfiguration;
			buildSettings = {
				ASSETCATALOG_COMPILER_APPICON_NAME = AppIcon;
				ASSETCATALOG_COMPILER_GLOBAL_ACCENT_COLOR_NAME = AccentColor;
				CODE_SIGN_STYLE = Automatic;
				DEVELOPMENT_ASSET_PATHS = "\"Vin21/Preview Content\"";
				ENABLE_PREVIEWS = YES;
				INFOPLIST_FILE = Vin21/Info.plist;
				IPHONEOS_DEPLOYMENT_TARGET = 14.0;
				LD_RUNPATH_SEARCH_PATHS = (
					"$(inherited)",
					"@executable_path/Frameworks",
				);
				PRODUCT_BUNDLE_IDENTIFIER = app.myeline.Vin21;
				PRODUCT_NAME = "$(TARGET_NAME)";
				SWIFT_VERSION = 5.0;
				TARGETED_DEVICE_FAMILY = "1,2";
			};
			name = Release;
		};
/* End XCBuildConfiguration section */

/* Begin XCConfigurationList section */
		DAA11E8425D139A000DB5C61 /* Build configuration list for PBXProject "Vin21" */ = {
			isa = XCConfigurationList;
			buildConfigurations = (
				DAA11E9625D139A300DB5C61 /* Debug */,
				DAA11E9725D139A300DB5C61 /* Release */,
			);
			defaultConfigurationIsVisible = 0;
			defaultConfigurationName = Release;
		};
		DAA11E9825D139A300DB5C61 /* Build configuration list for PBXNativeTarget "Vin21" */ = {
			isa = XCConfigurationList;
			buildConfigurations = (
				DAA11E9925D139A300DB5C61 /* Debug */,
				DAA11E9A25D139A300DB5C61 /* Release */,
			);
			defaultConfigurationIsVisible = 0;
			defaultConfigurationName = Release;
		};
/* End XCConfigurationList section */

/* Begin XCRemoteSwiftPackageReference section */
		DAA11E9F25D13FEF00DB5C61 /* XCRemoteSwiftPackageReference "firebase-ios-sdk" */ = {
			isa = XCRemoteSwiftPackageReference;
			repositoryURL = "https://github.com/firebase/firebase-ios-sdk.git";
			requirement = {
				kind = upToNextMajorVersion;
				minimumVersion = 7.5.1;
			};
		};
/* End XCRemoteSwiftPackageReference section */

/* Begin XCSwiftPackageProductDependency section */
		DAA11EA025D13FEF00DB5C61 /* FirebaseAuth */ = {
			isa = XCSwiftPackageProductDependency;
			package = DAA11E9F25D13FEF00DB5C61 /* XCRemoteSwiftPackageReference "firebase-ios-sdk" */;
			productName = FirebaseAuth;
		};
		DAA11EA225D13FEF00DB5C61 /* FirebaseFirestoreSwift-Beta */ = {
			isa = XCSwiftPackageProductDependency;
			package = DAA11E9F25D13FEF00DB5C61 /* XCRemoteSwiftPackageReference "firebase-ios-sdk" */;
			productName = "FirebaseFirestoreSwift-Beta";
		};
/* End XCSwiftPackageProductDependency section */
	};
	rootObject = DAA11E8125D139A000DB5C61 /* Project object */;
}
